
Microsoft Visual Studio Solution File, Format Version 12.00
# Visual Studio Version 17
VisualStudioVersion = 17.11.35327.3
MinimumVisualStudioVersion = 10.0.40219.1
Project("{FAE04EC0-301F-11D3-BF4B-00C04F79EFBC}") = "JeuDeLaVieConsole", "JeuDeLaVieConsole.csproj", "{8A5F9FF8-9C86-4174-B735-6B65EDEC9095}"
EndProject
Global
	GlobalSection(SolutionConfigurationPlatforms) = preSolution
		Debug|Any CPU = Debug|Any CPU
		Release|Any CPU = Release|Any CPU
	EndGlobalSection
	GlobalSection(ProjectConfigurationPlatforms) = postSolution
		{8A5F9FF8-9C86-4174-B735-6B65EDEC9095}.Debug|Any CPU.ActiveCfg = Debug|Any CPU
		{8A5F9FF8-9C86-4174-B735-6B65EDEC9095}.Debug|Any CPU.Build.0 = Debug|Any CPU
		{8A5F9FF8-9C86-4174-B735-6B65EDEC9095}.Release|Any CPU.ActiveCfg = Release|Any CPU
		{8A5F9FF8-9C86-4174-B735-6B65EDEC9095}.Release|Any CPU.Build.0 = Release|Any CPU
	EndGlobalSection
	GlobalSection(SolutionProperties) = preSolution
		HideSolutionNode = FALSE
	EndGlobalSection
	GlobalSection(ExtensibilityGlobals) = postSolution
		SolutionGuid = {01718F2D-4167-4270-9F41-E890234C693C}
	EndGlobalSection
EndGlobal
